{
  "name": "liliyao-neteasemusic-wechat",
  "version": "1.0.0",
  "lockfileVersion": 2,
  "requires": true,
  "packages": {
    "": {
      "version": "1.0.0",
      "license": "ISC",
      "dependencies": {
        "@vant/weapp": "^1.10.2",
        "hy-event-store": "^1.2.0",
        "pinyin-pro": "^3.7.1"
      }
    },
    "node_modules/@vant/weapp": {
      "version": "1.10.2",
      "resolved": "https://registry.npmjs.org/@vant/weapp/-/weapp-1.10.2.tgz",
      "integrity": "sha512-caqA0xQxM4lMRncFsRPPVMDdEzUBCJ4xdFXuKReXpEU3qwnVIP/WIjVDIi7mWyS7xqz8C9WfSW5JL4PrlSq31w=="
    },
    "node_modules/hy-event-store": {
      "version": "1.2.0",
      "resolved": "https://registry.npmjs.org/hy-event-store/-/hy-event-store-1.2.0.tgz",
      "integrity": "sha512-hLBbZc8t30QaquQRK04SSlFRyPuCsOUSYL8cXGOgrcv6zExsvW+TZiOB/7SKaiGE9pYKZigi3CubmCeSmVDPaw=="
    },
    "node_modules/pinyin-pro": {
      "version": "3.7.1",
      "resolved": "https://registry.npmjs.org/pinyin-pro/-/pinyin-pro-3.7.1.tgz",
      "integrity": "sha512-CltpMsTnTp1H5F6QoO/vyCKNaC10iJP6YyGWK6ph9OMoV+N9fEA71rk4gnXNtioSVf58Pwight+eNlRAoOCsIQ=="
    }
  },
  "dependencies": {
    "@vant/weapp": {
      "version": "1.10.2",
      "resolved": "https://registry.npmjs.org/@vant/weapp/-/weapp-1.10.2.tgz",
      "integrity": "sha512-caqA0xQxM4lMRncFsRPPVMDdEzUBCJ4xdFXuKReXpEU3qwnVIP/WIjVDIi7mWyS7xqz8C9WfSW5JL4PrlSq31w=="
    },
    "hy-event-store": {
      "version": "1.2.0",
      "resolved": "https://registry.npmjs.org/hy-event-store/-/hy-event-store-1.2.0.tgz",
      "integrity": "sha512-hLBbZc8t30QaquQRK04SSlFRyPuCsOUSYL8cXGOgrcv6zExsvW+TZiOB/7SKaiGE9pYKZigi3CubmCeSmVDPaw=="
    },
    "pinyin-pro": {
      "version": "3.7.1",
      "resolved": "https://registry.npmjs.org/pinyin-pro/-/pinyin-pro-3.7.1.tgz",
      "integrity": "sha512-CltpMsTnTp1H5F6QoO/vyCKNaC10iJP6YyGWK6ph9OMoV+N9fEA71rk4gnXNtioSVf58Pwight+eNlRAoOCsIQ=="
    }
  }
}
